
Microsoft Visual Studio Solution File, Format Version 12.00
# Visual Studio Version 16
VisualStudioVersion = 16.0.31025.194
MinimumVisualStudioVersion = 10.0.40219.1
Project("{FAE04EC0-301F-11D3-BF4B-00C04F79EFBC}") = "DesignPatterns", "DesignPatterns\DesignPatterns.csproj", "{A994177D-EE2F-4AF8-9A0E-B70389ED3D5E}"
EndProject
Project("{FAE04EC0-301F-11D3-BF4B-00C04F79EFBC}") = "DesignPatternsDemo", "DesignPatternsDemo\DesignPatternsDemo.csproj", "{9F5539C7-4ADF-4C8D-B6A5-43C80D0B6146}"
EndProject
Global
	GlobalSection(SolutionConfigurationPlatforms) = preSolution
		Debug|Any CPU = Debug|Any CPU
		Release|Any CPU = Release|Any CPU
	EndGlobalSection
	GlobalSection(ProjectConfigurationPlatforms) = postSolution
		{A994177D-EE2F-4AF8-9A0E-B70389ED3D5E}.Debug|Any CPU.ActiveCfg = Debug|Any CPU
		{A994177D-EE2F-4AF8-9A0E-B70389ED3D5E}.Debug|Any CPU.Build.0 = Debug|Any CPU
		{A994177D-EE2F-4AF8-9A0E-B70389ED3D5E}.Release|Any CPU.ActiveCfg = Release|Any CPU
		{A994177D-EE2F-4AF8-9A0E-B70389ED3D5E}.Release|Any CPU.Build.0 = Release|Any CPU
		{9F5539C7-4ADF-4C8D-B6A5-43C80D0B6146}.Debug|Any CPU.ActiveCfg = Debug|Any CPU
		{9F5539C7-4ADF-4C8D-B6A5-43C80D0B6146}.Debug|Any CPU.Build.0 = Debug|Any CPU
		{9F5539C7-4ADF-4C8D-B6A5-43C80D0B6146}.Release|Any CPU.ActiveCfg = Release|Any CPU
		{9F5539C7-4ADF-4C8D-B6A5-43C80D0B6146}.Release|Any CPU.Build.0 = Release|Any CPU
	EndGlobalSection
	GlobalSection(SolutionProperties) = preSolution
		HideSolutionNode = FALSE
	EndGlobalSection
	GlobalSection(ExtensibilityGlobals) = postSolution
		SolutionGuid = {494DCAE7-0442-4B54-8A15-546D6400C678}
	EndGlobalSection
EndGlobal
